{
  "version": 4,
  "terraform_version": "1.1.5",
  "serial": 248,
  "lineage": "da78cd95-a40c-9c2a-881c-24a067b58177",
  "outputs": {},
  "resources": [
    {
      "mode": "data",
      "type": "azurerm_role_definition",
      "name": "contributor",
      "provider": "provider[\"registry.terraform.io/hashicorp/azurerm\"]",
      "instances": [
        {
          "schema_version": 0,
          "attributes": {
            "assignable_scopes": [
              "/"
            ],
            "description": "Allows for read, write and delete access to Azure Storage blob containers and data",
            "id": "/providers/Microsoft.Authorization/roleDefinitions/ba92f5b4-2d11-453d-a403-e96b0029c9fe",
            "name": "Storage Blob Data Contributor",
            "permissions": [
              {
                "actions": [
                  "Microsoft.Storage/storageAccounts/blobServices/containers/delete",
                  "Microsoft.Storage/storageAccounts/blobServices/containers/read",
                  "Microsoft.Storage/storageAccounts/blobServices/containers/write",
                  "Microsoft.Storage/storageAccounts/blobServices/generateUserDelegationKey/action"
                ],
                "data_actions": [
                  "Microsoft.Storage/storageAccounts/blobServices/containers/blobs/add/action",
                  "Microsoft.Storage/storageAccounts/blobServices/containers/blobs/delete",
                  "Microsoft.Storage/storageAccounts/blobServices/containers/blobs/move/action",
                  "Microsoft.Storage/storageAccounts/blobServices/containers/blobs/read",
                  "Microsoft.Storage/storageAccounts/blobServices/containers/blobs/write"
                ],
                "not_actions": [],
                "not_data_actions": []
              }
            ],
            "role_definition_id": "/providers/Microsoft.Authorization/roleDefinitions/ba92f5b4-2d11-453d-a403-e96b0029c9fe",
            "scope": null,
            "timeouts": null,
            "type": "BuiltInRole"
          },
          "sensitive_attributes": []
        }
      ]
    },
    {
      "mode": "managed",
      "type": "azurerm_linux_virtual_machine",
      "name": "jenkins",
      "provider": "provider[\"registry.terraform.io/hashicorp/azurerm\"]",
      "instances": [
        {
          "schema_version": 0,
          "attributes": {
            "additional_capabilities": [],
            "admin_password": null,
            "admin_ssh_key": [
              {
                "public_key": "ssh-rsa AAAAB3NzaC1yc2EAAAADAQABAAABAQDolr23hwJ6qrb++iTMu2is5ugnEtI7byjcicR4amEmDALBq9bGIcxpIayy0xpnUhlfCFeaBp666ds1JAdKA4tuwa/+Qt+v3ZnQWHCzPx5afyP75VXfT9qRMopeRrrUZ0fU33gS4oaDWj6/wWoXaunxsUMhh3/W4afNyc1zuSjNeIYOTxPk4UIAON9RzXaHTMollStAdieQgR5eJt4I94/kGJz9gWb0EnjeGmf9GsLf5Evs8jC7+H9QF0j1mcQvva4wKmSakl7zp0vd3CUylKCZTNNAXgsCxdWyEw8O4aZ8aHhx8OBxCoagUHdTukLt8cr2ERep2WBJtKBfFy2m6kDL diogenes@macbook-pro.lan",
                "username": "azureuser"
              }
            ],
            "admin_username": "azureuser",
            "allow_extension_operations": true,
            "availability_set_id": "",
            "boot_diagnostics": [
              {
                "storage_account_uri": "https://ikstorageexample.blob.core.windows.net/"
              }
            ],
            "computer_name": "ik-jenkins",
            "custom_data": null,
            "dedicated_host_group_id": "",
            "dedicated_host_id": "",
            "disable_password_authentication": true,
            "encryption_at_host_enabled": false,
            "eviction_policy": "",
            "extensions_time_budget": "PT1H30M",
            "id": "/subscriptions/f3226acf-56a9-4339-af8a-730910470f7b/resourceGroups/ik-example/providers/Microsoft.Compute/virtualMachines/ik-jenkins",
            "identity": [
              {
                "identity_ids": null,
                "principal_id": "87a02496-0634-400d-bcce-b20a8c0b64e2",
                "tenant_id": "2214c254-f250-4fad-ad60-46dcc3ed8a4f",
                "type": "SystemAssigned"
              }
            ],
            "license_type": "",
            "location": "westus",
            "max_bid_price": -1,
            "name": "ik-jenkins",
            "network_interface_ids": [
              "/subscriptions/f3226acf-56a9-4339-af8a-730910470f7b/resourceGroups/ik-example/providers/Microsoft.Network/networkInterfaces/ik-jenkins"
            ],
            "os_disk": [
              {
                "caching": "ReadWrite",
                "diff_disk_settings": [],
                "disk_encryption_set_id": "",
                "disk_size_gb": 30,
                "name": "JenkinsOsDisk",
                "storage_account_type": "Premium_LRS",
                "write_accelerator_enabled": false
              }
            ],
            "patch_mode": "ImageDefault",
            "plan": [],
            "platform_fault_domain": -1,
            "priority": "Regular",
            "private_ip_address": "10.0.1.4",
            "private_ip_addresses": [
              "10.0.1.4"
            ],
            "provision_vm_agent": true,
            "proximity_placement_group_id": "",
            "public_ip_address": "104.210.57.55",
            "public_ip_addresses": [
              "104.210.57.55"
            ],
            "resource_group_name": "ik-example",
            "secret": [],
            "secure_boot_enabled": false,
            "size": "Standard_DS1_v2",
            "source_image_id": "",
            "source_image_reference": [
              {
                "offer": "0001-com-ubuntu-server-focal",
                "publisher": "Canonical",
                "sku": "20_04-lts",
                "version": "latest"
              }
            ],
            "tags": null,
            "timeouts": null,
            "user_data": "",
            "virtual_machine_id": "9d5bf651-e274-42b7-a585-85f3da0bd2ee",
            "virtual_machine_scale_set_id": "",
            "vtpm_enabled": false,
            "zone": ""
          },
          "sensitive_attributes": [],
          "private": "eyJlMmJmYjczMC1lY2FhLTExZTYtOGY4OC0zNDM2M2JjN2M0YzAiOnsiY3JlYXRlIjoyNzAwMDAwMDAwMDAwLCJkZWxldGUiOjI3MDAwMDAwMDAwMDAsInJlYWQiOjMwMDAwMDAwMDAwMCwidXBkYXRlIjoyNzAwMDAwMDAwMDAwfX0=",
          "dependencies": [
            "azurerm_network_interface.jenkins",
            "azurerm_public_ip.jenkins",
            "azurerm_resource_group.ik",
            "azurerm_storage_account.ik",
            "azurerm_subnet.subnet",
            "azurerm_virtual_network.network"
          ]
        }
      ]
    },
    {
      "mode": "managed",
      "type": "azurerm_linux_virtual_machine",
      "name": "web",
      "provider": "provider[\"registry.terraform.io/hashicorp/azurerm\"]",
      "instances": [
        {
          "schema_version": 0,
          "attributes": {
            "additional_capabilities": [],
            "admin_password": null,
            "admin_ssh_key": [
              {
                "public_key": "ssh-rsa AAAAB3NzaC1yc2EAAAADAQABAAABAQDolr23hwJ6qrb++iTMu2is5ugnEtI7byjcicR4amEmDALBq9bGIcxpIayy0xpnUhlfCFeaBp666ds1JAdKA4tuwa/+Qt+v3ZnQWHCzPx5afyP75VXfT9qRMopeRrrUZ0fU33gS4oaDWj6/wWoXaunxsUMhh3/W4afNyc1zuSjNeIYOTxPk4UIAON9RzXaHTMollStAdieQgR5eJt4I94/kGJz9gWb0EnjeGmf9GsLf5Evs8jC7+H9QF0j1mcQvva4wKmSakl7zp0vd3CUylKCZTNNAXgsCxdWyEw8O4aZ8aHhx8OBxCoagUHdTukLt8cr2ERep2WBJtKBfFy2m6kDL diogenes@macbook-pro.lan",
                "username": "azureuser"
              }
            ],
            "admin_username": "azureuser",
            "allow_extension_operations": true,
            "availability_set_id": "",
            "boot_diagnostics": [
              {
                "storage_account_uri": "https://ikstorageexample.blob.core.windows.net/"
              }
            ],
            "computer_name": "ik-web",
            "custom_data": null,
            "dedicated_host_group_id": "",
            "dedicated_host_id": "",
            "disable_password_authentication": true,
            "encryption_at_host_enabled": false,
            "eviction_policy": "",
            "extensions_time_budget": "PT1H30M",
            "id": "/subscriptions/f3226acf-56a9-4339-af8a-730910470f7b/resourceGroups/ik-example/providers/Microsoft.Compute/virtualMachines/ik-vm",
            "identity": [
              {
                "identity_ids": null,
                "principal_id": "73993b11-dc63-43b3-a943-046b77d463ff",
                "tenant_id": "2214c254-f250-4fad-ad60-46dcc3ed8a4f",
                "type": "SystemAssigned"
              }
            ],
            "license_type": "",
            "location": "westus",
            "max_bid_price": -1,
            "name": "ik-vm",
            "network_interface_ids": [
              "/subscriptions/f3226acf-56a9-4339-af8a-730910470f7b/resourceGroups/ik-example/providers/Microsoft.Network/networkInterfaces/ik-web"
            ],
            "os_disk": [
              {
                "caching": "ReadWrite",
                "diff_disk_settings": [],
                "disk_encryption_set_id": "",
                "disk_size_gb": 30,
                "name": "WebOsDisk",
                "storage_account_type": "Premium_LRS",
                "write_accelerator_enabled": false
              }
            ],
            "patch_mode": "ImageDefault",
            "plan": [],
            "platform_fault_domain": -1,
            "priority": "Regular",
            "private_ip_address": "10.0.1.5",
            "private_ip_addresses": [
              "10.0.1.5"
            ],
            "provision_vm_agent": true,
            "proximity_placement_group_id": "",
            "public_ip_address": "104.210.59.47",
            "public_ip_addresses": [
              "104.210.59.47"
            ],
            "resource_group_name": "ik-example",
            "secret": [],
            "secure_boot_enabled": false,
            "size": "Standard_DS1_v2",
            "source_image_id": "",
            "source_image_reference": [
              {
                "offer": "0001-com-ubuntu-server-focal",
                "publisher": "Canonical",
                "sku": "20_04-lts",
                "version": "latest"
              }
            ],
            "tags": null,
            "timeouts": null,
            "user_data": "",
            "virtual_machine_id": "d08c6caf-d447-44c3-a020-05a27887cc32",
            "virtual_machine_scale_set_id": "",
            "vtpm_enabled": false,
            "zone": ""
          },
          "sensitive_attributes": [],
          "private": "eyJlMmJmYjczMC1lY2FhLTExZTYtOGY4OC0zNDM2M2JjN2M0YzAiOnsiY3JlYXRlIjoyNzAwMDAwMDAwMDAwLCJkZWxldGUiOjI3MDAwMDAwMDAwMDAsInJlYWQiOjMwMDAwMDAwMDAwMCwidXBkYXRlIjoyNzAwMDAwMDAwMDAwfX0=",
          "dependencies": [
            "azurerm_network_interface.web",
            "azurerm_public_ip.web",
            "azurerm_resource_group.ik",
            "azurerm_storage_account.ik",
            "azurerm_subnet.subnet",
            "azurerm_virtual_network.network"
          ]
        }
      ]
    },
    {
      "mode": "managed",
      "type": "azurerm_network_interface",
      "name": "jenkins",
      "provider": "provider[\"registry.terraform.io/hashicorp/azurerm\"]",
      "instances": [
        {
          "schema_version": 0,
          "attributes": {
            "applied_dns_servers": [],
            "dns_servers": [],
            "enable_accelerated_networking": false,
            "enable_ip_forwarding": false,
            "id": "/subscriptions/f3226acf-56a9-4339-af8a-730910470f7b/resourceGroups/ik-example/providers/Microsoft.Network/networkInterfaces/ik-jenkins",
            "internal_dns_name_label": "",
            "internal_domain_name_suffix": "45lukh44exuunhitfo5xpfp0fg.dx.internal.cloudapp.net",
            "ip_configuration": [
              {
                "gateway_load_balancer_frontend_ip_configuration_id": "",
                "name": "jenkins-configuration",
                "primary": true,
                "private_ip_address": "10.0.1.4",
                "private_ip_address_allocation": "Dynamic",
                "private_ip_address_version": "IPv4",
                "public_ip_address_id": "/subscriptions/f3226acf-56a9-4339-af8a-730910470f7b/resourceGroups/ik-example/providers/Microsoft.Network/publicIPAddresses/jenkins-public-ip",
                "subnet_id": "/subscriptions/f3226acf-56a9-4339-af8a-730910470f7b/resourceGroups/ik-example/providers/Microsoft.Network/virtualNetworks/ik-vnet/subnets/mySubnet"
              }
            ],
            "location": "westus",
            "mac_address": "",
            "name": "ik-jenkins",
            "private_ip_address": "10.0.1.4",
            "private_ip_addresses": [
              "10.0.1.4"
            ],
            "resource_group_name": "ik-example",
            "tags": null,
            "timeouts": null,
            "virtual_machine_id": ""
          },
          "sensitive_attributes": [],
          "private": "eyJlMmJmYjczMC1lY2FhLTExZTYtOGY4OC0zNDM2M2JjN2M0YzAiOnsiY3JlYXRlIjoxODAwMDAwMDAwMDAwLCJkZWxldGUiOjE4MDAwMDAwMDAwMDAsInJlYWQiOjMwMDAwMDAwMDAwMCwidXBkYXRlIjoxODAwMDAwMDAwMDAwfX0=",
          "dependencies": [
            "azurerm_public_ip.jenkins",
            "azurerm_resource_group.ik",
            "azurerm_subnet.subnet",
            "azurerm_virtual_network.network"
          ]
        }
      ]
    },
    {
      "mode": "managed",
      "type": "azurerm_network_interface",
      "name": "web",
      "provider": "provider[\"registry.terraform.io/hashicorp/azurerm\"]",
      "instances": [
        {
          "schema_version": 0,
          "attributes": {
            "applied_dns_servers": [],
            "dns_servers": [],
            "enable_accelerated_networking": false,
            "enable_ip_forwarding": false,
            "id": "/subscriptions/f3226acf-56a9-4339-af8a-730910470f7b/resourceGroups/ik-example/providers/Microsoft.Network/networkInterfaces/ik-web",
            "internal_dns_name_label": "",
            "internal_domain_name_suffix": "45lukh44exuunhitfo5xpfp0fg.dx.internal.cloudapp.net",
            "ip_configuration": [
              {
                "gateway_load_balancer_frontend_ip_configuration_id": "",
                "name": "web-configuration",
                "primary": true,
                "private_ip_address": "10.0.1.5",
                "private_ip_address_allocation": "Dynamic",
                "private_ip_address_version": "IPv4",
                "public_ip_address_id": "/subscriptions/f3226acf-56a9-4339-af8a-730910470f7b/resourceGroups/ik-example/providers/Microsoft.Network/publicIPAddresses/web-public-ip",
                "subnet_id": "/subscriptions/f3226acf-56a9-4339-af8a-730910470f7b/resourceGroups/ik-example/providers/Microsoft.Network/virtualNetworks/ik-vnet/subnets/mySubnet"
              }
            ],
            "location": "westus",
            "mac_address": "",
            "name": "ik-web",
            "private_ip_address": "10.0.1.5",
            "private_ip_addresses": [
              "10.0.1.5"
            ],
            "resource_group_name": "ik-example",
            "tags": null,
            "timeouts": null,
            "virtual_machine_id": ""
          },
          "sensitive_attributes": [],
          "private": "eyJlMmJmYjczMC1lY2FhLTExZTYtOGY4OC0zNDM2M2JjN2M0YzAiOnsiY3JlYXRlIjoxODAwMDAwMDAwMDAwLCJkZWxldGUiOjE4MDAwMDAwMDAwMDAsInJlYWQiOjMwMDAwMDAwMDAwMCwidXBkYXRlIjoxODAwMDAwMDAwMDAwfX0=",
          "dependencies": [
            "azurerm_public_ip.web",
            "azurerm_resource_group.ik",
            "azurerm_subnet.subnet",
            "azurerm_virtual_network.network"
          ]
        }
      ]
    },
    {
      "mode": "managed",
      "type": "azurerm_network_interface_security_group_association",
      "name": "jenkins",
      "provider": "provider[\"registry.terraform.io/hashicorp/azurerm\"]",
      "instances": [
        {
          "schema_version": 0,
          "attributes": {
            "id": "/subscriptions/f3226acf-56a9-4339-af8a-730910470f7b/resourceGroups/ik-example/providers/Microsoft.Network/networkInterfaces/ik-jenkins|/subscriptions/f3226acf-56a9-4339-af8a-730910470f7b/resourceGroups/ik-example/providers/Microsoft.Network/networkSecurityGroups/ik-security-group",
            "network_interface_id": "/subscriptions/f3226acf-56a9-4339-af8a-730910470f7b/resourceGroups/ik-example/providers/Microsoft.Network/networkInterfaces/ik-jenkins",
            "network_security_group_id": "/subscriptions/f3226acf-56a9-4339-af8a-730910470f7b/resourceGroups/ik-example/providers/Microsoft.Network/networkSecurityGroups/ik-security-group",
            "timeouts": null
          },
          "sensitive_attributes": [],
          "private": "eyJlMmJmYjczMC1lY2FhLTExZTYtOGY4OC0zNDM2M2JjN2M0YzAiOnsiY3JlYXRlIjoxODAwMDAwMDAwMDAwLCJkZWxldGUiOjE4MDAwMDAwMDAwMDAsInJlYWQiOjMwMDAwMDAwMDAwMCwidXBkYXRlIjoxODAwMDAwMDAwMDAwfX0=",
          "dependencies": [
            "azurerm_network_interface.jenkins",
            "azurerm_network_security_group.security_group",
            "azurerm_public_ip.jenkins",
            "azurerm_resource_group.ik",
            "azurerm_subnet.subnet",
            "azurerm_virtual_network.network"
          ]
        }
      ]
    },
    {
      "mode": "managed",
      "type": "azurerm_network_interface_security_group_association",
      "name": "web",
      "provider": "provider[\"registry.terraform.io/hashicorp/azurerm\"]",
      "instances": [
        {
          "schema_version": 0,
          "attributes": {
            "id": "/subscriptions/f3226acf-56a9-4339-af8a-730910470f7b/resourceGroups/ik-example/providers/Microsoft.Network/networkInterfaces/ik-web|/subscriptions/f3226acf-56a9-4339-af8a-730910470f7b/resourceGroups/ik-example/providers/Microsoft.Network/networkSecurityGroups/ik-security-group",
            "network_interface_id": "/subscriptions/f3226acf-56a9-4339-af8a-730910470f7b/resourceGroups/ik-example/providers/Microsoft.Network/networkInterfaces/ik-web",
            "network_security_group_id": "/subscriptions/f3226acf-56a9-4339-af8a-730910470f7b/resourceGroups/ik-example/providers/Microsoft.Network/networkSecurityGroups/ik-security-group",
            "timeouts": null
          },
          "sensitive_attributes": [],
          "private": "eyJlMmJmYjczMC1lY2FhLTExZTYtOGY4OC0zNDM2M2JjN2M0YzAiOnsiY3JlYXRlIjoxODAwMDAwMDAwMDAwLCJkZWxldGUiOjE4MDAwMDAwMDAwMDAsInJlYWQiOjMwMDAwMDAwMDAwMCwidXBkYXRlIjoxODAwMDAwMDAwMDAwfX0=",
          "dependencies": [
            "azurerm_network_interface.web",
            "azurerm_network_security_group.security_group",
            "azurerm_public_ip.web",
            "azurerm_resource_group.ik",
            "azurerm_subnet.subnet",
            "azurerm_virtual_network.network"
          ]
        }
      ]
    },
    {
      "mode": "managed",
      "type": "azurerm_network_security_group",
      "name": "security_group",
      "provider": "provider[\"registry.terraform.io/hashicorp/azurerm\"]",
      "instances": [
        {
          "schema_version": 0,
          "attributes": {
            "id": "/subscriptions/f3226acf-56a9-4339-af8a-730910470f7b/resourceGroups/ik-example/providers/Microsoft.Network/networkSecurityGroups/ik-security-group",
            "location": "westus",
            "name": "ik-security-group",
            "resource_group_name": "ik-example",
            "security_rule": [],
            "tags": null,
            "timeouts": null
          },
          "sensitive_attributes": [],
          "private": "eyJlMmJmYjczMC1lY2FhLTExZTYtOGY4OC0zNDM2M2JjN2M0YzAiOnsiY3JlYXRlIjoxODAwMDAwMDAwMDAwLCJkZWxldGUiOjE4MDAwMDAwMDAwMDAsInJlYWQiOjMwMDAwMDAwMDAwMCwidXBkYXRlIjoxODAwMDAwMDAwMDAwfX0=",
          "dependencies": [
            "azurerm_resource_group.ik"
          ]
        }
      ]
    },
    {
      "mode": "managed",
      "type": "azurerm_network_security_rule",
      "name": "httpSecurity",
      "provider": "provider[\"registry.terraform.io/hashicorp/azurerm\"]",
      "instances": [
        {
          "schema_version": 0,
          "attributes": {
            "access": "Allow",
            "description": "",
            "destination_address_prefix": "*",
            "destination_address_prefixes": null,
            "destination_application_security_group_ids": null,
            "destination_port_range": "80",
            "destination_port_ranges": null,
            "direction": "Inbound",
            "id": "/subscriptions/f3226acf-56a9-4339-af8a-730910470f7b/resourceGroups/ik-example/providers/Microsoft.Network/networkSecurityGroups/ik-security-group/securityRules/http",
            "name": "http",
            "network_security_group_name": "ik-security-group",
            "priority": 340,
            "protocol": "Tcp",
            "resource_group_name": "ik-example",
            "source_address_prefix": "*",
            "source_address_prefixes": null,
            "source_application_security_group_ids": null,
            "source_port_range": "*",
            "source_port_ranges": null,
            "timeouts": null
          },
          "sensitive_attributes": [],
          "private": "eyJlMmJmYjczMC1lY2FhLTExZTYtOGY4OC0zNDM2M2JjN2M0YzAiOnsiY3JlYXRlIjoxODAwMDAwMDAwMDAwLCJkZWxldGUiOjE4MDAwMDAwMDAwMDAsInJlYWQiOjMwMDAwMDAwMDAwMCwidXBkYXRlIjoxODAwMDAwMDAwMDAwfX0=",
          "dependencies": [
            "azurerm_network_security_group.security_group",
            "azurerm_resource_group.ik"
          ]
        }
      ]
    },
    {
      "mode": "managed",
      "type": "azurerm_network_security_rule",
      "name": "httpsSecurity",
      "provider": "provider[\"registry.terraform.io/hashicorp/azurerm\"]",
      "instances": [
        {
          "schema_version": 0,
          "attributes": {
            "access": "Allow",
            "description": "",
            "destination_address_prefix": "*",
            "destination_address_prefixes": null,
            "destination_application_security_group_ids": null,
            "destination_port_range": "443",
            "destination_port_ranges": null,
            "direction": "Inbound",
            "id": "/subscriptions/f3226acf-56a9-4339-af8a-730910470f7b/resourceGroups/ik-example/providers/Microsoft.Network/networkSecurityGroups/ik-security-group/securityRules/https",
            "name": "https",
            "network_security_group_name": "ik-security-group",
            "priority": 320,
            "protocol": "Tcp",
            "resource_group_name": "ik-example",
            "source_address_prefix": "*",
            "source_address_prefixes": null,
            "source_application_security_group_ids": null,
            "source_port_range": "*",
            "source_port_ranges": null,
            "timeouts": null
          },
          "sensitive_attributes": [],
          "private": "eyJlMmJmYjczMC1lY2FhLTExZTYtOGY4OC0zNDM2M2JjN2M0YzAiOnsiY3JlYXRlIjoxODAwMDAwMDAwMDAwLCJkZWxldGUiOjE4MDAwMDAwMDAwMDAsInJlYWQiOjMwMDAwMDAwMDAwMCwidXBkYXRlIjoxODAwMDAwMDAwMDAwfX0=",
          "dependencies": [
            "azurerm_network_security_group.security_group",
            "azurerm_resource_group.ik"
          ]
        }
      ]
    },
    {
      "mode": "managed",
      "type": "azurerm_network_security_rule",
      "name": "jenkinsSecurity",
      "provider": "provider[\"registry.terraform.io/hashicorp/azurerm\"]",
      "instances": [
        {
          "schema_version": 0,
          "attributes": {
            "access": "Allow",
            "description": "",
            "destination_address_prefix": "*",
            "destination_address_prefixes": null,
            "destination_application_security_group_ids": null,
            "destination_port_range": "8080",
            "destination_port_ranges": null,
            "direction": "Inbound",
            "id": "/subscriptions/f3226acf-56a9-4339-af8a-730910470f7b/resourceGroups/ik-example/providers/Microsoft.Network/networkSecurityGroups/ik-security-group/securityRules/jenkins",
            "name": "jenkins",
            "network_security_group_name": "ik-security-group",
            "priority": 360,
            "protocol": "Tcp",
            "resource_group_name": "ik-example",
            "source_address_prefix": "*",
            "source_address_prefixes": null,
            "source_application_security_group_ids": null,
            "source_port_range": "*",
            "source_port_ranges": null,
            "timeouts": null
          },
          "sensitive_attributes": [],
          "private": "eyJlMmJmYjczMC1lY2FhLTExZTYtOGY4OC0zNDM2M2JjN2M0YzAiOnsiY3JlYXRlIjoxODAwMDAwMDAwMDAwLCJkZWxldGUiOjE4MDAwMDAwMDAwMDAsInJlYWQiOjMwMDAwMDAwMDAwMCwidXBkYXRlIjoxODAwMDAwMDAwMDAwfX0=",
          "dependencies": [
            "azurerm_network_security_group.security_group",
            "azurerm_resource_group.ik"
          ]
        }
      ]
    },
    {
      "mode": "managed",
      "type": "azurerm_network_security_rule",
      "name": "sshSecurity",
      "provider": "provider[\"registry.terraform.io/hashicorp/azurerm\"]",
      "instances": [
        {
          "schema_version": 0,
          "attributes": {
            "access": "Allow",
            "description": "",
            "destination_address_prefix": "*",
            "destination_address_prefixes": null,
            "destination_application_security_group_ids": null,
            "destination_port_range": "22",
            "destination_port_ranges": null,
            "direction": "Inbound",
            "id": "/subscriptions/f3226acf-56a9-4339-af8a-730910470f7b/resourceGroups/ik-example/providers/Microsoft.Network/networkSecurityGroups/ik-security-group/securityRules/ssh",
            "name": "ssh",
            "network_security_group_name": "ik-security-group",
            "priority": 300,
            "protocol": "Tcp",
            "resource_group_name": "ik-example",
            "source_address_prefix": "*",
            "source_address_prefixes": null,
            "source_application_security_group_ids": null,
            "source_port_range": "*",
            "source_port_ranges": null,
            "timeouts": null
          },
          "sensitive_attributes": [],
          "private": "eyJlMmJmYjczMC1lY2FhLTExZTYtOGY4OC0zNDM2M2JjN2M0YzAiOnsiY3JlYXRlIjoxODAwMDAwMDAwMDAwLCJkZWxldGUiOjE4MDAwMDAwMDAwMDAsInJlYWQiOjMwMDAwMDAwMDAwMCwidXBkYXRlIjoxODAwMDAwMDAwMDAwfX0=",
          "dependencies": [
            "azurerm_network_security_group.security_group",
            "azurerm_resource_group.ik"
          ]
        }
      ]
    },
    {
      "mode": "managed",
      "type": "azurerm_public_ip",
      "name": "jenkins",
      "provider": "provider[\"registry.terraform.io/hashicorp/azurerm\"]",
      "instances": [
        {
          "schema_version": 0,
          "attributes": {
            "allocation_method": "Dynamic",
            "availability_zone": "No-Zone",
            "domain_name_label": null,
            "fqdn": null,
            "id": "/subscriptions/f3226acf-56a9-4339-af8a-730910470f7b/resourceGroups/ik-example/providers/Microsoft.Network/publicIPAddresses/jenkins-public-ip",
            "idle_timeout_in_minutes": 4,
            "ip_address": "",
            "ip_tags": null,
            "ip_version": "IPv4",
            "location": "westus",
            "name": "jenkins-public-ip",
            "public_ip_prefix_id": null,
            "resource_group_name": "ik-example",
            "reverse_fqdn": null,
            "sku": "Basic",
            "sku_tier": "Regional",
            "tags": null,
            "timeouts": null,
            "zones": []
          },
          "sensitive_attributes": [],
          "private": "eyJlMmJmYjczMC1lY2FhLTExZTYtOGY4OC0zNDM2M2JjN2M0YzAiOnsiY3JlYXRlIjoxODAwMDAwMDAwMDAwLCJkZWxldGUiOjE4MDAwMDAwMDAwMDAsInJlYWQiOjMwMDAwMDAwMDAwMCwidXBkYXRlIjoxODAwMDAwMDAwMDAwfX0=",
          "dependencies": [
            "azurerm_resource_group.ik"
          ]
        }
      ]
    },
    {
      "mode": "managed",
      "type": "azurerm_public_ip",
      "name": "web",
      "provider": "provider[\"registry.terraform.io/hashicorp/azurerm\"]",
      "instances": [
        {
          "schema_version": 0,
          "attributes": {
            "allocation_method": "Dynamic",
            "availability_zone": "No-Zone",
            "domain_name_label": null,
            "fqdn": null,
            "id": "/subscriptions/f3226acf-56a9-4339-af8a-730910470f7b/resourceGroups/ik-example/providers/Microsoft.Network/publicIPAddresses/web-public-ip",
            "idle_timeout_in_minutes": 4,
            "ip_address": "",
            "ip_tags": null,
            "ip_version": "IPv4",
            "location": "westus",
            "name": "web-public-ip",
            "public_ip_prefix_id": null,
            "resource_group_name": "ik-example",
            "reverse_fqdn": null,
            "sku": "Basic",
            "sku_tier": "Regional",
            "tags": null,
            "timeouts": null,
            "zones": []
          },
          "sensitive_attributes": [],
          "private": "eyJlMmJmYjczMC1lY2FhLTExZTYtOGY4OC0zNDM2M2JjN2M0YzAiOnsiY3JlYXRlIjoxODAwMDAwMDAwMDAwLCJkZWxldGUiOjE4MDAwMDAwMDAwMDAsInJlYWQiOjMwMDAwMDAwMDAwMCwidXBkYXRlIjoxODAwMDAwMDAwMDAwfX0=",
          "dependencies": [
            "azurerm_resource_group.ik"
          ]
        }
      ]
    },
    {
      "mode": "managed",
      "type": "azurerm_resource_group",
      "name": "ik",
      "provider": "provider[\"registry.terraform.io/hashicorp/azurerm\"]",
      "instances": [
        {
          "schema_version": 0,
          "attributes": {
            "id": "/subscriptions/f3226acf-56a9-4339-af8a-730910470f7b/resourceGroups/ik-example",
            "location": "westus",
            "name": "ik-example",
            "tags": null,
            "timeouts": null
          },
          "sensitive_attributes": [],
          "private": "eyJlMmJmYjczMC1lY2FhLTExZTYtOGY4OC0zNDM2M2JjN2M0YzAiOnsiY3JlYXRlIjo1NDAwMDAwMDAwMDAwLCJkZWxldGUiOjU0MDAwMDAwMDAwMDAsInJlYWQiOjMwMDAwMDAwMDAwMCwidXBkYXRlIjo1NDAwMDAwMDAwMDAwfX0="
        }
      ]
    },
    {
      "mode": "managed",
      "type": "azurerm_role_assignment",
      "name": "jenkins_artifact_storage",
      "provider": "provider[\"registry.terraform.io/hashicorp/azurerm\"]",
      "instances": [
        {
          "schema_version": 0,
          "attributes": {
            "condition": "",
            "condition_version": "",
            "delegated_managed_identity_resource_id": "",
            "description": "",
            "id": "/subscriptions/f3226acf-56a9-4339-af8a-730910470f7b/resourceGroups/ik-example/providers/Microsoft.Storage/storageAccounts/ikstorageexample/providers/Microsoft.Authorization/roleAssignments/c6d6cc47-ed2c-56a1-0ad6-1289f26cc0b1",
            "name": "c6d6cc47-ed2c-56a1-0ad6-1289f26cc0b1",
            "principal_id": "87a02496-0634-400d-bcce-b20a8c0b64e2",
            "principal_type": "ServicePrincipal",
            "role_definition_id": "/subscriptions/f3226acf-56a9-4339-af8a-730910470f7b/providers/Microsoft.Authorization/roleDefinitions/ba92f5b4-2d11-453d-a403-e96b0029c9fe",
            "role_definition_name": "Storage Blob Data Contributor",
            "scope": "/subscriptions/f3226acf-56a9-4339-af8a-730910470f7b/resourceGroups/ik-example/providers/Microsoft.Storage/storageAccounts/ikstorageexample",
            "skip_service_principal_aad_check": null,
            "timeouts": null
          },
          "sensitive_attributes": [],
          "private": "eyJlMmJmYjczMC1lY2FhLTExZTYtOGY4OC0zNDM2M2JjN2M0YzAiOnsiY3JlYXRlIjoxODAwMDAwMDAwMDAwLCJkZWxldGUiOjE4MDAwMDAwMDAwMDAsInJlYWQiOjMwMDAwMDAwMDAwMCwidXBkYXRlIjoxODAwMDAwMDAwMDAwfX0=",
          "dependencies": [
            "azurerm_linux_virtual_machine.jenkins",
            "azurerm_network_interface.jenkins",
            "azurerm_public_ip.jenkins",
            "azurerm_resource_group.ik",
            "azurerm_storage_account.ik",
            "azurerm_subnet.subnet",
            "azurerm_virtual_network.network",
            "data.azurerm_role_definition.contributor"
          ]
        }
      ]
    },
    {
      "mode": "managed",
      "type": "azurerm_role_assignment",
      "name": "web_artifact_storage",
      "provider": "provider[\"registry.terraform.io/hashicorp/azurerm\"]",
      "instances": [
        {
          "schema_version": 0,
          "attributes": {
            "condition": "",
            "condition_version": "",
            "delegated_managed_identity_resource_id": "",
            "description": "",
            "id": "/subscriptions/f3226acf-56a9-4339-af8a-730910470f7b/resourceGroups/ik-example/providers/Microsoft.Storage/storageAccounts/ikstorageexample/providers/Microsoft.Authorization/roleAssignments/ffbf4c4f-1225-4fca-44e2-083e1a03346e",
            "name": "ffbf4c4f-1225-4fca-44e2-083e1a03346e",
            "principal_id": "73993b11-dc63-43b3-a943-046b77d463ff",
            "principal_type": "ServicePrincipal",
            "role_definition_id": "/subscriptions/f3226acf-56a9-4339-af8a-730910470f7b/providers/Microsoft.Authorization/roleDefinitions/ba92f5b4-2d11-453d-a403-e96b0029c9fe",
            "role_definition_name": "Storage Blob Data Contributor",
            "scope": "/subscriptions/f3226acf-56a9-4339-af8a-730910470f7b/resourceGroups/ik-example/providers/Microsoft.Storage/storageAccounts/ikstorageexample",
            "skip_service_principal_aad_check": null,
            "timeouts": null
          },
          "sensitive_attributes": [],
          "private": "eyJlMmJmYjczMC1lY2FhLTExZTYtOGY4OC0zNDM2M2JjN2M0YzAiOnsiY3JlYXRlIjoxODAwMDAwMDAwMDAwLCJkZWxldGUiOjE4MDAwMDAwMDAwMDAsInJlYWQiOjMwMDAwMDAwMDAwMCwidXBkYXRlIjoxODAwMDAwMDAwMDAwfX0=",
          "dependencies": [
            "azurerm_linux_virtual_machine.web",
            "azurerm_network_interface.web",
            "azurerm_public_ip.web",
            "azurerm_resource_group.ik",
            "azurerm_storage_account.ik",
            "azurerm_subnet.subnet",
            "azurerm_virtual_network.network",
            "data.azurerm_role_definition.contributor"
          ]
        }
      ]
    },
    {
      "mode": "managed",
      "type": "azurerm_storage_account",
      "name": "ik",
      "provider": "provider[\"registry.terraform.io/hashicorp/azurerm\"]",
      "instances": [
        {
          "schema_version": 2,
          "attributes": {
            "access_tier": "Hot",
            "account_kind": "StorageV2",
            "account_replication_type": "LRS",
            "account_tier": "Standard",
            "allow_blob_public_access": false,
            "azure_files_authentication": [],
            "blob_properties": [
              {
                "change_feed_enabled": false,
                "container_delete_retention_policy": [],
                "cors_rule": [],
                "default_service_version": "",
                "delete_retention_policy": [],
                "last_access_time_enabled": false,
                "versioning_enabled": false
              }
            ],
            "custom_domain": [],
            "enable_https_traffic_only": true,
            "id": "/subscriptions/f3226acf-56a9-4339-af8a-730910470f7b/resourceGroups/ik-example/providers/Microsoft.Storage/storageAccounts/ikstorageexample",
            "identity": [],
            "infrastructure_encryption_enabled": false,
            "is_hns_enabled": false,
            "large_file_share_enabled": null,
            "location": "westus",
            "min_tls_version": "TLS1_0",
            "name": "ikstorageexample",
            "network_rules": [
              {
                "bypass": [
                  "AzureServices"
                ],
                "default_action": "Allow",
                "ip_rules": [],
                "private_link_access": [],
                "virtual_network_subnet_ids": []
              }
            ],
            "nfsv3_enabled": false,
            "primary_access_key": "xwUo+rrHGh3ztsIGZhRkOkKf3IcsAwbx/M37cdB9zKmGtRZh2da+9aGe0yGnvvoUruywfqRrXOGOyT5S1u9Kpw==",
            "primary_blob_connection_string": "DefaultEndpointsProtocol=https;BlobEndpoint=https://ikstorageexample.blob.core.windows.net/;AccountName=ikstorageexample;AccountKey=xwUo+rrHGh3ztsIGZhRkOkKf3IcsAwbx/M37cdB9zKmGtRZh2da+9aGe0yGnvvoUruywfqRrXOGOyT5S1u9Kpw==",
            "primary_blob_endpoint": "https://ikstorageexample.blob.core.windows.net/",
            "primary_blob_host": "ikstorageexample.blob.core.windows.net",
            "primary_connection_string": "DefaultEndpointsProtocol=https;AccountName=ikstorageexample;AccountKey=xwUo+rrHGh3ztsIGZhRkOkKf3IcsAwbx/M37cdB9zKmGtRZh2da+9aGe0yGnvvoUruywfqRrXOGOyT5S1u9Kpw==;EndpointSuffix=core.windows.net",
            "primary_dfs_endpoint": "https://ikstorageexample.dfs.core.windows.net/",
            "primary_dfs_host": "ikstorageexample.dfs.core.windows.net",
            "primary_file_endpoint": "https://ikstorageexample.file.core.windows.net/",
            "primary_file_host": "ikstorageexample.file.core.windows.net",
            "primary_location": "westus",
            "primary_queue_endpoint": "https://ikstorageexample.queue.core.windows.net/",
            "primary_queue_host": "ikstorageexample.queue.core.windows.net",
            "primary_table_endpoint": "https://ikstorageexample.table.core.windows.net/",
            "primary_table_host": "ikstorageexample.table.core.windows.net",
            "primary_web_endpoint": "https://ikstorageexample.z22.web.core.windows.net/",
            "primary_web_host": "ikstorageexample.z22.web.core.windows.net",
            "queue_encryption_key_type": "Service",
            "queue_properties": [
              {
                "cors_rule": [],
                "hour_metrics": [
                  {
                    "enabled": true,
                    "include_apis": true,
                    "retention_policy_days": 7,
                    "version": "1.0"
                  }
                ],
                "logging": [
                  {
                    "delete": false,
                    "read": false,
                    "retention_policy_days": 0,
                    "version": "1.0",
                    "write": false
                  }
                ],
                "minute_metrics": [
                  {
                    "enabled": false,
                    "include_apis": false,
                    "retention_policy_days": 0,
                    "version": "1.0"
                  }
                ]
              }
            ],
            "resource_group_name": "ik-example",
            "routing": [],
            "secondary_access_key": "BtnEZ3j/gBxGZ9gYiQt57pu0Crg7OFjqXKyOM6ugg5Tfzrf/Bsgay64JYYfhN+65NABuM/e6gLx9z6otpxl+5A==",
            "secondary_blob_connection_string": "",
            "secondary_blob_endpoint": null,
            "secondary_blob_host": null,
            "secondary_connection_string": "DefaultEndpointsProtocol=https;AccountName=ikstorageexample;AccountKey=BtnEZ3j/gBxGZ9gYiQt57pu0Crg7OFjqXKyOM6ugg5Tfzrf/Bsgay64JYYfhN+65NABuM/e6gLx9z6otpxl+5A==;EndpointSuffix=core.windows.net",
            "secondary_dfs_endpoint": null,
            "secondary_dfs_host": null,
            "secondary_file_endpoint": null,
            "secondary_file_host": null,
            "secondary_location": "",
            "secondary_queue_endpoint": null,
            "secondary_queue_host": null,
            "secondary_table_endpoint": null,
            "secondary_table_host": null,
            "secondary_web_endpoint": null,
            "secondary_web_host": null,
            "share_properties": [
              {
                "cors_rule": [],
                "retention_policy": [
                  {
                    "days": 7
                  }
                ],
                "smb": []
              }
            ],
            "shared_access_key_enabled": true,
            "static_website": [],
            "table_encryption_key_type": "Service",
            "tags": null,
            "timeouts": null
          },
          "sensitive_attributes": [],
          "private": "eyJlMmJmYjczMC1lY2FhLTExZTYtOGY4OC0zNDM2M2JjN2M0YzAiOnsiY3JlYXRlIjozNjAwMDAwMDAwMDAwLCJkZWxldGUiOjM2MDAwMDAwMDAwMDAsInJlYWQiOjMwMDAwMDAwMDAwMCwidXBkYXRlIjozNjAwMDAwMDAwMDAwfSwic2NoZW1hX3ZlcnNpb24iOiIyIn0=",
          "dependencies": [
            "azurerm_resource_group.ik"
          ]
        }
      ]
    },
    {
      "mode": "managed",
      "type": "azurerm_storage_container",
      "name": "artifacts",
      "provider": "provider[\"registry.terraform.io/hashicorp/azurerm\"]",
      "instances": [
        {
          "schema_version": 1,
          "attributes": {
            "container_access_type": "private",
            "has_immutability_policy": false,
            "has_legal_hold": false,
            "id": "https://ikstorageexample.blob.core.windows.net/artifacts",
            "metadata": {},
            "name": "artifacts",
            "resource_manager_id": "/subscriptions/f3226acf-56a9-4339-af8a-730910470f7b/resourceGroups/ik-example/providers/Microsoft.Storage/storageAccounts/ikstorageexample/blobServices/default/containers/artifacts",
            "storage_account_name": "ikstorageexample",
            "timeouts": null
          },
          "sensitive_attributes": [],
          "private": "eyJlMmJmYjczMC1lY2FhLTExZTYtOGY4OC0zNDM2M2JjN2M0YzAiOnsiY3JlYXRlIjoxODAwMDAwMDAwMDAwLCJkZWxldGUiOjE4MDAwMDAwMDAwMDAsInJlYWQiOjMwMDAwMDAwMDAwMCwidXBkYXRlIjoxODAwMDAwMDAwMDAwfSwic2NoZW1hX3ZlcnNpb24iOiIxIn0=",
          "dependencies": [
            "azurerm_resource_group.ik",
            "azurerm_storage_account.ik"
          ]
        }
      ]
    },
    {
      "mode": "managed",
      "type": "azurerm_subnet",
      "name": "subnet",
      "provider": "provider[\"registry.terraform.io/hashicorp/azurerm\"]",
      "instances": [
        {
          "schema_version": 0,
          "attributes": {
            "address_prefix": "10.0.1.0/24",
            "address_prefixes": [
              "10.0.1.0/24"
            ],
            "delegation": [],
            "enforce_private_link_endpoint_network_policies": false,
            "enforce_private_link_service_network_policies": false,
            "id": "/subscriptions/f3226acf-56a9-4339-af8a-730910470f7b/resourceGroups/ik-example/providers/Microsoft.Network/virtualNetworks/ik-vnet/subnets/mySubnet",
            "name": "mySubnet",
            "resource_group_name": "ik-example",
            "service_endpoint_policy_ids": null,
            "service_endpoints": null,
            "timeouts": null,
            "virtual_network_name": "ik-vnet"
          },
          "sensitive_attributes": [],
          "private": "eyJlMmJmYjczMC1lY2FhLTExZTYtOGY4OC0zNDM2M2JjN2M0YzAiOnsiY3JlYXRlIjoxODAwMDAwMDAwMDAwLCJkZWxldGUiOjE4MDAwMDAwMDAwMDAsInJlYWQiOjMwMDAwMDAwMDAwMCwidXBkYXRlIjoxODAwMDAwMDAwMDAwfX0=",
          "dependencies": [
            "azurerm_resource_group.ik",
            "azurerm_virtual_network.network"
          ]
        }
      ]
    },
    {
      "mode": "managed",
      "type": "azurerm_virtual_network",
      "name": "network",
      "provider": "provider[\"registry.terraform.io/hashicorp/azurerm\"]",
      "instances": [
        {
          "schema_version": 0,
          "attributes": {
            "address_space": [
              "10.0.0.0/16"
            ],
            "bgp_community": "",
            "ddos_protection_plan": [],
            "dns_servers": [],
            "flow_timeout_in_minutes": 0,
            "guid": "1f45d7f7-25de-46e9-9d13-2bbf7795fa2e",
            "id": "/subscriptions/f3226acf-56a9-4339-af8a-730910470f7b/resourceGroups/ik-example/providers/Microsoft.Network/virtualNetworks/ik-vnet",
            "location": "westus",
            "name": "ik-vnet",
            "resource_group_name": "ik-example",
            "subnet": [],
            "tags": null,
            "timeouts": null,
            "vm_protection_enabled": false
          },
          "sensitive_attributes": [],
          "private": "eyJlMmJmYjczMC1lY2FhLTExZTYtOGY4OC0zNDM2M2JjN2M0YzAiOnsiY3JlYXRlIjoxODAwMDAwMDAwMDAwLCJkZWxldGUiOjE4MDAwMDAwMDAwMDAsInJlYWQiOjMwMDAwMDAwMDAwMCwidXBkYXRlIjoxODAwMDAwMDAwMDAwfX0=",
          "dependencies": [
            "azurerm_resource_group.ik"
          ]
        }
      ]
    }
  ]
}
